// !$*UTF8*$!
{
	archiveVersion = 1;
	classes = {
	};
	objectVersion = 46;
	objects = {

/* Begin PBXBuildFile section */
		AB5AE9AD1AA53809007E84FB /* main.m in Sources */ = {isa = PBXBuildFile; fileRef = AB5AE9AC1AA53809007E84FB /* main.m */; };
		AB5AE9B01AA53809007E84FB /* AppDelegate.m in Sources */ = {isa = PBXBuildFile; fileRef = AB5AE9AF1AA53809007E84FB /* AppDelegate.m */; };
		AB5AE9B31AA53809007E84FB /* ViewController.m in Sources */ = {isa = PBXBuildFile; fileRef = AB5AE9B21AA53809007E84FB /* ViewController.m */; };
		AB5AE9B61AA53809007E84FB /* Main.storyboard in Resources */ = {isa = PBXBuildFile; fileRef = AB5AE9B41AA53809007E84FB /* Main.storyboard */; };
		AB5AE9B81AA53809007E84FB /* Images.xcassets in Resources */ = {isa = PBXBuildFile; fileRef = AB5AE9B71AA53809007E84FB /* Images.xcassets */; };
		AB5AE9BB1AA53809007E84FB /* LaunchScreen.xib in Resources */ = {isa = PBXBuildFile; fileRef = AB5AE9B91AA53809007E84FB /* LaunchScreen.xib */; };
		AB5AE9C71AA53809007E84FB /* Space_WarTests.m in Sources */ = {isa = PBXBuildFile; fileRef = AB5AE9C61AA53809007E84FB /* Space_WarTests.m */; };
/* End PBXBuildFile section */

/* Begin PBXContainerItemProxy section */
		AB5AE9C11AA53809007E84FB /* PBXContainerItemProxy */ = {
			isa = PBXContainerItemProxy;
			containerPortal = AB5AE99F1AA53809007E84FB /* Project object */;
			proxyType = 1;
			remoteGlobalIDString = AB5AE9A61AA53809007E84FB;
			remoteInfo = "Space War";
		};
/* End PBXContainerItemProxy section */

/* Begin PBXFileReference section */
		AB5AE9A71AA53809007E84FB /* Space War.app */ = {isa = PBXFileReference; explicitFileType = wrapper.application; includeInIndex = 0; path = "Space War.app"; sourceTree = BUILT_PRODUCTS_DIR; };
		AB5AE9AB1AA53809007E84FB /* Info.plist */ = {isa = PBXFileReference; lastKnownFileType = text.plist.xml; path = Info.plist; sourceTree = "<group>"; };
		AB5AE9AC1AA53809007E84FB /* main.m */ = {isa = PBXFileReference; lastKnownFileType = sourcecode.c.objc; path = main.m; sourceTree = "<group>"; };
		AB5AE9AE1AA53809007E84FB /* AppDelegate.h */ = {isa = PBXFileReference; lastKnownFileType = sourcecode.c.h; path = AppDelegate.h; sourceTree = "<group>"; };
		AB5AE9AF1AA53809007E84FB /* AppDelegate.m */ = {isa = PBXFileReference; lastKnownFileType = sourcecode.c.objc; path = AppDelegate.m; sourceTree = "<group>"; };
		AB5AE9B11AA53809007E84FB /* ViewController.h */ = {isa = PBXFileReference; lastKnownFileType = sourcecode.c.h; path = ViewController.h; sourceTree = "<group>"; };
		AB5AE9B21AA53809007E84FB /* ViewController.m */ = {isa = PBXFileReference; lastKnownFileType = sourcecode.c.objc; path = ViewController.m; sourceTree = "<group>"; };
		AB5AE9B51AA53809007E84FB /* Base */ = {isa = PBXFileReference; lastKnownFileType = file.storyboard; name = Base; path = Base.lproj/Main.storyboard; sourceTree = "<group>"; };
		AB5AE9B71AA53809007E84FB /* Images.xcassets */ = {isa = PBXFileReference; lastKnownFileType = folder.assetcatalog; path = Images.xcassets; sourceTree = "<group>"; };
		AB5AE9BA1AA53809007E84FB /* Base */ = {isa = PBXFileReference; lastKnownFileType = file.xib; name = Base; path = Base.lproj/LaunchScreen.xib; sourceTree = "<group>"; };
		AB5AE9C01AA53809007E84FB /* Space WarTests.xctest */ = {isa = PBXFileReference; explicitFileType = wrapper.cfbundle; includeInIndex = 0; path = "Space WarTests.xctest"; sourceTree = BUILT_PRODUCTS_DIR; };
		AB5AE9C51AA53809007E84FB /* Info.plist */ = {isa = PBXFileReference; lastKnownFileType = text.plist.xml; path = Info.plist; sourceTree = "<group>"; };
		AB5AE9C61AA53809007E84FB /* Space_WarTests.m */ = {isa = PBXFileReference; lastKnownFileType = sourcecode.c.objc; path = Space_WarTests.m; sourceTree = "<group>"; };
/* End PBXFileReference section */

/* Begin PBXFrameworksBuildPhase section */
		AB5AE9A41AA53809007E84FB /* Frameworks */ = {
			isa = PBXFrameworksBuildPhase;
			buildActionMask = 2147483647;
			files = (
			);
			runOnlyForDeploymentPostprocessing = 0;
		};
		AB5AE9BD1AA53809007E84FB /* Frameworks */ = {
			isa = PBXFrameworksBuildPhase;
			buildActionMask = 2147483647;
			files = (
			);
			runOnlyForDeploymentPostprocessing = 0;
		};
/* End PBXFrameworksBuildPhase section */

/* Begin PBXGroup section */
		AB5AE99E1AA53809007E84FB = {
			isa = PBXGroup;
			children = (
				AB5AE9A91AA53809007E84FB /* Space War */,
				AB5AE9C31AA53809007E84FB /* Space WarTests */,
				AB5AE9A81AA53809007E84FB /* Products */,
			);
			sourceTree = "<group>";
		};
		AB5AE9A81AA53809007E84FB /* Products */ = {
			isa = PBXGroup;
			children = (
				AB5AE9A71AA53809007E84FB /* Space War.app */,
				AB5AE9C01AA53809007E84FB /* Space WarTests.xctest */,
			);
			name = Products;
			sourceTree = "<group>";
		};
		AB5AE9A91AA53809007E84FB /* Space War */ = {
			isa = PBXGroup;
			children = (
				AB5AE9AE1AA53809007E84FB /* AppDelegate.h */,
				AB5AE9AF1AA53809007E84FB /* AppDelegate.m */,
				AB5AE9B11AA53809007E84FB /* ViewController.h */,
				AB5AE9B21AA53809007E84FB /* ViewController.m */,
				AB5AE9B41AA53809007E84FB /* Main.storyboard */,
				AB5AE9B71AA53809007E84FB /* Images.xcassets */,
				AB5AE9B91AA53809007E84FB /* LaunchScreen.xib */,
				AB5AE9AA1AA53809007E84FB /* Supporting Files */,
			);
			path = "Space War";
			sourceTree = "<group>";
		};
		AB5AE9AA1AA53809007E84FB /* Supporting Files */ = {
			isa = PBXGroup;
			children = (
				AB5AE9AB1AA53809007E84FB /* Info.plist */,
				AB5AE9AC1AA53809007E84FB /* main.m */,
			);
			name = "Supporting Files";
			sourceTree = "<group>";
		};
		AB5AE9C31AA53809007E84FB /* Space WarTests */ = {
			isa = PBXGroup;
			children = (
				AB5AE9C61AA53809007E84FB /* Space_WarTests.m */,
				AB5AE9C41AA53809007E84FB /* Supporting Files */,
			);
			path = "Space WarTests";
			sourceTree = "<group>";
		};
		AB5AE9C41AA53809007E84FB /* Supporting Files */ = {
			isa = PBXGroup;
			children = (
				AB5AE9C51AA53809007E84FB /* Info.plist */,
			);
			name = "Supporting Files";
			sourceTree = "<group>";
		};
/* End PBXGroup section */

/* Begin PBXNativeTarget section */
		AB5AE9A61AA53809007E84FB /* Space War */ = {
			isa = PBXNativeTarget;
			buildConfigurationList = AB5AE9CA1AA53809007E84FB /* Build configuration list for PBXNativeTarget "Space War" */;
			buildPhases = (
				AB5AE9A31AA53809007E84FB /* Sources */,
				AB5AE9A41AA53809007E84FB /* Frameworks */,
				AB5AE9A51AA53809007E84FB /* Resources */,
			);
			buildRules = (
			);
			dependencies = (
			);
			name = "Space War";
			productName = "Space War";
			productReference = AB5AE9A71AA53809007E84FB /* Space War.app */;
			productType = "com.apple.product-type.application";
		};
		AB5AE9BF1AA53809007E84FB /* Space WarTests */ = {
			isa = PBXNativeTarget;
			buildConfigurationList = AB5AE9CD1AA53809007E84FB /* Build configuration list for PBXNativeTarget "Space WarTests" */;
			buildPhases = (
				AB5AE9BC1AA53809007E84FB /* Sources */,
				AB5AE9BD1AA53809007E84FB /* Frameworks */,
				AB5AE9BE1AA53809007E84FB /* Resources */,
			);
			buildRules = (
			);
			dependencies = (
				AB5AE9C21AA53809007E84FB /* PBXTargetDependency */,
			);
			name = "Space WarTests";
			productName = "Space WarTests";
			productReference = AB5AE9C01AA53809007E84FB /* Space WarTests.xctest */;
			productType = "com.apple.product-type.bundle.unit-test";
		};
/* End PBXNativeTarget section */

/* Begin PBXProject section */
		AB5AE99F1AA53809007E84FB /* Project object */ = {
			isa = PBXProject;
			attributes = {
				LastUpgradeCheck = 0610;
				ORGANIZATIONNAME = "Ryan Koo";
				TargetAttributes = {
					AB5AE9A61AA53809007E84FB = {
						CreatedOnToolsVersion = 6.1.1;
					};
					AB5AE9BF1AA53809007E84FB = {
						CreatedOnToolsVersion = 6.1.1;
						TestTargetID = AB5AE9A61AA53809007E84FB;
					};
				};
			};
			buildConfigurationList = AB5AE9A21AA53809007E84FB /* Build configuration list for PBXProject "Space War" */;
			compatibilityVersion = "Xcode 3.2";
			developmentRegion = English;
			hasScannedForEncodings = 0;
			knownRegions = (
				en,
				Base,
			);
			mainGroup = AB5AE99E1AA53809007E84FB;
			productRefGroup = AB5AE9A81AA53809007E84FB /* Products */;
			projectDirPath = "";
			projectRoot = "";
			targets = (
				AB5AE9A61AA53809007E84FB /* Space War */,
				AB5AE9BF1AA53809007E84FB /* Space WarTests */,
			);
		};
/* End PBXProject section */

/* Begin PBXResourcesBuildPhase section */
		AB5AE9A51AA53809007E84FB /* Resources */ = {
			isa = PBXResourcesBuildPhase;
			buildActionMask = 2147483647;
			files = (
				AB5AE9B61AA53809007E84FB /* Main.storyboard in Resources */,
				AB5AE9BB1AA53809007E84FB /* LaunchScreen.xib in Resources */,
				AB5AE9B81AA53809007E84FB /* Images.xcassets in Resources */,
			);
			runOnlyForDeploymentPostprocessing = 0;
		};
		AB5AE9BE1AA53809007E84FB /* Resources */ = {
			isa = PBXResourcesBuildPhase;
			buildActionMask = 2147483647;
			files = (
			);
			runOnlyForDeploymentPostprocessing = 0;
		};
/* End PBXResourcesBuildPhase section */

/* Begin PBXSourcesBuildPhase section */
		AB5AE9A31AA53809007E84FB /* Sources */ = {
			isa = PBXSourcesBuildPhase;
			buildActionMask = 2147483647;
			files = (
				AB5AE9B31AA53809007E84FB /* ViewController.m in Sources */,
				AB5AE9B01AA53809007E84FB /* AppDelegate.m in Sources */,
				AB5AE9AD1AA53809007E84FB /* main.m in Sources */,
			);
			runOnlyForDeploymentPostprocessing = 0;
		};
		AB5AE9BC1AA53809007E84FB /* Sources */ = {
			isa = PBXSourcesBuildPhase;
			buildActionMask = 2147483647;
			files = (
				AB5AE9C71AA53809007E84FB /* Space_WarTests.m in Sources */,
			);
			runOnlyForDeploymentPostprocessing = 0;
		};
/* End PBXSourcesBuildPhase section */

/* Begin PBXTargetDependency section */
		AB5AE9C21AA53809007E84FB /* PBXTargetDependency */ = {
			isa = PBXTargetDependency;
			target = AB5AE9A61AA53809007E84FB /* Space War */;
			targetProxy = AB5AE9C11AA53809007E84FB /* PBXContainerItemProxy */;
		};
/* End PBXTargetDependency section */

/* Begin PBXVariantGroup section */
		AB5AE9B41AA53809007E84FB /* Main.storyboard */ = {
			isa = PBXVariantGroup;
			children = (
				AB5AE9B51AA53809007E84FB /* Base */,
			);
			name = Main.storyboard;
			sourceTree = "<group>";
		};
		AB5AE9B91AA53809007E84FB /* LaunchScreen.xib */ = {
			isa = PBXVariantGroup;
			children = (
				AB5AE9BA1AA53809007E84FB /* Base */,
			);
			name = LaunchScreen.xib;
			sourceTree = "<group>";
		};
/* End PBXVariantGroup section */

/* Begin XCBuildConfiguration section */
		AB5AE9C81AA53809007E84FB /* Debug */ = {
			isa = XCBuildConfiguration;
			buildSettings = {
				ALWAYS_SEARCH_USER_PATHS = NO;
				CLANG_CXX_LANGUAGE_STANDARD = "gnu++0x";
				CLANG_CXX_LIBRARY = "libc++";
				CLANG_ENABLE_MODULES = YES;
				CLANG_ENABLE_OBJC_ARC = YES;
				CLANG_WARN_BOOL_CONVERSION = YES;
				CLANG_WARN_CONSTANT_CONVERSION = YES;
				CLANG_WARN_DIRECT_OBJC_ISA_USAGE = YES_ERROR;
				CLANG_WARN_EMPTY_BODY = YES;
				CLANG_WARN_ENUM_CONVERSION = YES;
				CLANG_WARN_INT_CONVERSION = YES;
				CLANG_WARN_OBJC_ROOT_CLASS = YES_ERROR;
				CLANG_WARN_UNREACHABLE_CODE = YES;
				CLANG_WARN__DUPLICATE_METHOD_MATCH = YES;
				"CODE_SIGN_IDENTITY[sdk=iphoneos*]" = "iPhone Developer";
				COPY_PHASE_STRIP = NO;
				ENABLE_STRICT_OBJC_MSGSEND = YES;
				GCC_C_LANGUAGE_STANDARD = gnu99;
				GCC_DYNAMIC_NO_PIC = NO;
				GCC_OPTIMIZATION_LEVEL = 0;
				GCC_PREPROCESSOR_DEFINITIONS = (
					"DEBUG=1",
					"$(inherited)",
				);
				GCC_SYMBOLS_PRIVATE_EXTERN = NO;
				GCC_WARN_64_TO_32_BIT_CONVERSION = YES;
				GCC_WARN_ABOUT_RETURN_TYPE = YES_ERROR;
				GCC_WARN_UNDECLARED_SELECTOR = YES;
				GCC_WARN_UNINITIALIZED_AUTOS = YES_AGGRESSIVE;
				GCC_WARN_UNUSED_FUNCTION = YES;
				GCC_WARN_UNUSED_VARIABLE = YES;
				IPHONEOS_DEPLOYMENT_TARGET = 8.1;
				MTL_ENABLE_DEBUG_INFO = YES;
				ONLY_ACTIVE_ARCH = YES;
				SDKROOT = iphoneos;
			};
			name = Debug;
		};
		AB5AE9C91AA53809007E84FB /* Release */ = {
			isa = XCBuildConfiguration;
			buildSettings = {
				ALWAYS_SEARCH_USER_PATHS = NO;
				CLANG_CXX_LANGUAGE_STANDARD = "gnu++0x";
				CLANG_CXX_LIBRARY = "libc++";
				CLANG_ENABLE_MODULES = YES;
				CLANG_ENABLE_OBJC_ARC = YES;
				CLANG_WARN_BOOL_CONVERSION = YES;
				CLANG_WARN_CONSTANT_CONVERSION = YES;
				CLANG_WARN_DIRECT_OBJC_ISA_USAGE = YES_ERROR;
				CLANG_WARN_EMPTY_BODY = YES;
				CLANG_WARN_ENUM_CONVERSION = YES;
				CLANG_WARN_INT_CONVERSION = YES;
				CLANG_WARN_OBJC_ROOT_CLASS = YES_ERROR;
				CLANG_WARN_UNREACHABLE_CODE = YES;
				CLANG_WARN__DUPLICATE_METHOD_MATCH = YES;
				"CODE_SIGN_IDENTITY[sdk=iphoneos*]" = "iPhone Developer";
				COPY_PHASE_STRIP = YES;
				ENABLE_NS_ASSERTIONS = NO;
				ENABLE_STRICT_OBJC_MSGSEND = YES;
				GCC_C_LANGUAGE_STANDARD = gnu99;
				GCC_WARN_64_TO_32_BIT_CONVERSION = YES;
				GCC_WARN_ABOUT_RETURN_TYPE = YES_ERROR;
				GCC_WARN_UNDECLARED_SELECTOR = YES;
				GCC_WARN_UNINITIALIZED_AUTOS = YES_AGGRESSIVE;
				GCC_WARN_UNUSED_FUNCTION = YES;
				GCC_WARN_UNUSED_VARIABLE = YES;
				IPHONEOS_DEPLOYMENT_TARGET = 8.1;
				MTL_ENABLE_DEBUG_INFO = NO;
				SDKROOT = iphoneos;
				VALIDATE_PRODUCT = YES;
			};
			name = Release;
		};
		AB5AE9CB1AA53809007E84FB /* Debug */ = {
			isa = XCBuildConfiguration;
			buildSettings = {
				ASSETCATALOG_COMPILER_APPICON_NAME = AppIcon;
				INFOPLIST_FILE = "Space War/Info.plist";
				LD_RUNPATH_SEARCH_PATHS = "$(inherited) @executable_path/Frameworks";
				PRODUCT_NAME = "$(TARGET_NAME)";
			};
			name = Debug;
		};
		AB5AE9CC1AA53809007E84FB /* Release */ = {
			isa = XCBuildConfiguration;
			buildSettings = {
				ASSETCATALOG_COMPILER_APPICON_NAME = AppIcon;
				INFOPLIST_FILE = "Space War/Info.plist";
				LD_RUNPATH_SEARCH_PATHS = "$(inherited) @executable_path/Frameworks";
				PRODUCT_NAME = "$(TARGET_NAME)";
			};
			name = Release;
		};
		AB5AE9CE1AA53809007E84FB /* Debug */ = {
			isa = XCBuildConfiguration;
			buildSettings = {
				BUNDLE_LOADER = "$(TEST_HOST)";
				FRAMEWORK_SEARCH_PATHS = (
					"$(SDKROOT)/Developer/Library/Frameworks",
					"$(inherited)",
				);
				GCC_PREPROCESSOR_DEFINITIONS = (
					"DEBUG=1",
					"$(inherited)",
				);
				INFOPLIST_FILE = "Space WarTests/Info.plist";
				LD_RUNPATH_SEARCH_PATHS = "$(inherited) @executable_path/Frameworks @loader_path/Frameworks";
				PRODUCT_NAME = "$(TARGET_NAME)";
				TEST_HOST = "$(BUILT_PRODUCTS_DIR)/Space War.app/Space War";
			};
			name = Debug;
		};
		AB5AE9CF1AA53809007E84FB /* Release */ = {
			isa = XCBuildConfiguration;
			buildSettings = {
				BUNDLE_LOADER = "$(TEST_HOST)";
				FRAMEWORK_SEARCH_PATHS = (
					"$(SDKROOT)/Developer/Library/Frameworks",
					"$(inherited)",
				);
				INFOPLIST_FILE = "Space WarTests/Info.plist";
				LD_RUNPATH_SEARCH_PATHS = "$(inherited) @executable_path/Frameworks @loader_path/Frameworks";
				PRODUCT_NAME = "$(TARGET_NAME)";
				TEST_HOST = "$(BUILT_PRODUCTS_DIR)/Space War.app/Space War";
			};
			name = Release;
		};
/* End XCBuildConfiguration section */

/* Begin XCConfigurationList section */
		AB5AE9A21AA53809007E84FB /* Build configuration list for PBXProject "Space War" */ = {
			isa = XCConfigurationList;
			buildConfigurations = (
				AB5AE9C81AA53809007E84FB /* Debug */,
				AB5AE9C91AA53809007E84FB /* Release */,
			);
			defaultConfigurationIsVisible = 0;
			defaultConfigurationName = Release;
		};
		AB5AE9CA1AA53809007E84FB /* Build configuration list for PBXNativeTarget "Space War" */ = {
			isa = XCConfigurationList;
			buildConfigurations = (
				AB5AE9CB1AA53809007E84FB /* Debug */,
				AB5AE9CC1AA53809007E84FB /* Release */,
			);
			defaultConfigurationIsVisible = 0;
		};
		AB5AE9CD1AA53809007E84FB /* Build configuration list for PBXNativeTarget "Space WarTests" */ = {
			isa = XCConfigurationList;
			buildConfigurations = (
				AB5AE9CE1AA53809007E84FB /* Debug */,
				AB5AE9CF1AA53809007E84FB /* Release */,
			);
			defaultConfigurationIsVisible = 0;
		};
/* End XCConfigurationList section */
	};
	rootObject = AB5AE99F1AA53809007E84FB /* Project object */;
}
